{
    "_meta": {
        "hash": {
            "sha256": "25984b7d946e7b92951095cd09e5d2f7538455e7979502bf896f9c17cba7bcb7"
        },
        "pipfile-spec": 6,
        "requires": {
            "python_version": "3.10"
        },
        "sources": [
            {
                "name": "pypi",
                "url": "https://pypi.org/simple",
                "verify_ssl": true
            }
        ]
    },
    "default": {
        "anyio": {
            "hashes": [
                "sha256:2f834749c602966b7d456a7567cafcb309f96482b5081d14ac93ccd457f9dd48",
                "sha256:ea60c3723ab42ba6fff7e8ccb0488c898ec538ff4df1f1d5e642c3601d07e352"
            ],
            "markers": "python_version >= '3.9'",
            "version": "==4.7.0"
        },
        "asyncio": {
            "hashes": [
                "sha256:83360ff8bc97980e4ff25c964c7bd3923d333d177aa4f7fb736b019f26c7cb41",
                "sha256:b62c9157d36187eca799c378e572c969f0da87cd5fc42ca372d92cdb06e7e1de",
                "sha256:c46a87b48213d7464f22d9a497b9eef8c1928b68320a2fa94240f969f6fec08c",
                "sha256:c4d18b22701821de07bd6aea8b53d21449ec0ec5680645e5317062ea21817d2d"
            ],
            "index": "pypi",
            "version": "==3.4.3"
        },
        "certifi": {
            "hashes": [
                "sha256:1275f7a45be9464efc1173084eaa30f866fe2e47d389406136d332ed4967ec56",
                "sha256:b650d30f370c2b724812bee08008be0c4163b163ddaec3f2546c1caf65f191db"
            ],
            "markers": "python_version >= '3.6'",
            "version": "==2024.12.14"
        },
        "exceptiongroup": {
            "hashes": [
                "sha256:3111b9d131c238bec2f8f516e123e14ba243563fb135d3fe885990585aa7795b",
                "sha256:47c2edf7c6738fafb49fd34290706d1a1a2f4d1c6df275526b62cbb4aa5393cc"
            ],
            "markers": "python_version < '3.11'",
            "version": "==1.2.2"
        },
        "h11": {
            "hashes": [
                "sha256:8f19fbbe99e72420ff35c00b27a34cb9937e902a8b810e2c88300c6f0a3b699d",
                "sha256:e3fe4ac4b851c468cc8363d500db52c2ead036020723024a109d37346efaa761"
            ],
            "markers": "python_version >= '3.7'",
            "version": "==0.14.0"
        },
        "httpcore": {
            "hashes": [
                "sha256:8551cb62a169ec7162ac7be8d4817d561f60e08eaa485234898414bb5a8a0b4c",
                "sha256:a3fff8f43dc260d5bd363d9f9cf1830fa3a458b332856f34282de498ed420edd"
            ],
            "markers": "python_version >= '3.8'",
            "version": "==1.0.7"
        },
        "httpx": {
            "hashes": [
                "sha256:75e98c5f16b0f35b567856f597f06ff2270a374470a5c2392242528e3e3e42fc",
                "sha256:d909fcccc110f8c7faf814ca82a9a4d816bc5a6dbfea25d6591d6985b8ba59ad"
            ],
            "index": "pypi",
            "markers": "python_version >= '3.8'",
            "version": "==0.28.1"
        },
        "idna": {
            "hashes": [
                "sha256:12f65c9b470abda6dc35cf8e63cc574b1c52b11df2c86030af0ac09b01b13ea9",
                "sha256:946d195a0d259cbba61165e88e65941f16e9b36ea6ddb97f00452bae8b1287d3"
            ],
            "markers": "python_version >= '3.6'",
            "version": "==3.10"
        },
        "ruamel.yaml": {
            "hashes": [
                "sha256:57b53ba33def16c4f3d807c0ccbc00f8a6081827e81ba2491691b76882d0c636",
                "sha256:8b27e6a217e786c6fbe5634d8f3f11bc63e0f80f6a5890f28863d9c45aac311b"
            ],
            "index": "pypi",
            "markers": "python_version >= '3.7'",
            "version": "==0.18.6"
        },
        "ruamel.yaml.clib": {
            "hashes": [
                "sha256:040ae85536960525ea62868b642bdb0c2cc6021c9f9d507810c0c604e66f5a7b",
                "sha256:0467c5965282c62203273b838ae77c0d29d7638c8a4e3a1c8bdd3602c10904e4",
                "sha256:0b7e75b4965e1d4690e93021adfcecccbca7d61c7bddd8e22406ef2ff20d74ef",
                "sha256:11f891336688faf5156a36293a9c362bdc7c88f03a8a027c2c1d8e0bcde998e5",
                "sha256:1492a6051dab8d912fc2adeef0e8c72216b24d57bd896ea607cb90bb0c4981d3",
                "sha256:20b0f8dc160ba83b6dcc0e256846e1a02d044e13f7ea74a3d1d56ede4e48c632",
                "sha256:22353049ba4181685023b25b5b51a574bce33e7f51c759371a7422dcae5402a6",
                "sha256:2c59aa6170b990d8d2719323e628aaf36f3bfbc1c26279c0eeeb24d05d2d11c7",
                "sha256:32621c177bbf782ca5a18ba4d7af0f1082a3f6e517ac2a18b3974d4edf349680",
                "sha256:3bc2a80e6420ca8b7d3590791e2dfc709c88ab9152c00eeb511c9875ce5778bf",
                "sha256:3eac5a91891ceb88138c113f9db04f3cebdae277f5d44eaa3651a4f573e6a5da",
                "sha256:4a6679521a58256a90b0d89e03992c15144c5f3858f40d7c18886023d7943db6",
                "sha256:4c8c5d82f50bb53986a5e02d1b3092b03622c02c2eb78e29bec33fd9593bae1a",
                "sha256:4f6f3eac23941b32afccc23081e1f50612bdbe4e982012ef4f5797986828cd01",
                "sha256:5a0e060aace4c24dcaf71023bbd7d42674e3b230f7e7b97317baf1e953e5b519",
                "sha256:6442cb36270b3afb1b4951f060eccca1ce49f3d087ca1ca4563a6eb479cb3de6",
                "sha256:6c8fbb13ec503f99a91901ab46e0b07ae7941cd527393187039aec586fdfd36f",
                "sha256:749c16fcc4a2b09f28843cda5a193e0283e47454b63ec4b81eaa2242f50e4ccd",
                "sha256:7dd5adc8b930b12c8fc5b99e2d535a09889941aa0d0bd06f4749e9a9397c71d2",
                "sha256:811ea1594b8a0fb466172c384267a4e5e367298af6b228931f273b111f17ef52",
                "sha256:932205970b9f9991b34f55136be327501903f7c66830e9760a8ffb15b07f05cd",
                "sha256:943f32bc9dedb3abff9879edc134901df92cfce2c3d5c9348f172f62eb2d771d",
                "sha256:95c3829bb364fdb8e0332c9931ecf57d9be3519241323c5274bd82f709cebc0c",
                "sha256:96777d473c05ee3e5e3c3e999f5d23c6f4ec5b0c38c098b3a5229085f74236c6",
                "sha256:a274fb2cb086c7a3dea4322ec27f4cb5cc4b6298adb583ab0e211a4682f241eb",
                "sha256:a52d48f4e7bf9005e8f0a89209bf9a73f7190ddf0489eee5eb51377385f59f2a",
                "sha256:a606ef75a60ecf3d924613892cc603b154178ee25abb3055db5062da811fd969",
                "sha256:ab007f2f5a87bd08ab1499bdf96f3d5c6ad4dcfa364884cb4549aa0154b13a28",
                "sha256:b82a7c94a498853aa0b272fd5bc67f29008da798d4f93a2f9f289feb8426a58d",
                "sha256:bb43a269eb827806502c7c8efb7ae7e9e9d0573257a46e8e952f4d4caba4f31e",
                "sha256:bc5f1e1c28e966d61d2519f2a3d451ba989f9ea0f2307de7bc45baa526de9e45",
                "sha256:bd0a08f0bab19093c54e18a14a10b4322e1eacc5217056f3c063bd2f59853ce4",
                "sha256:beffaed67936fbbeffd10966a4eb53c402fafd3d6833770516bf7314bc6ffa12",
                "sha256:bf165fef1f223beae7333275156ab2022cffe255dcc51c27f066b4370da81e31",
                "sha256:cf12567a7b565cbf65d438dec6cfbe2917d3c1bdddfce84a9930b7d35ea59642",
                "sha256:d84318609196d6bd6da0edfa25cedfbabd8dbde5140a0a23af29ad4b8f91fb1e",
                "sha256:d85252669dc32f98ebcd5d36768f5d4faeaeaa2d655ac0473be490ecdae3c285",
                "sha256:e143ada795c341b56de9418c58d028989093ee611aa27ffb9b7f609c00d813ed",
                "sha256:e188d2699864c11c36cdfdada94d781fd5d6b0071cd9c427bceb08ad3d7c70e1",
                "sha256:e2f1c3765db32be59d18ab3953f43ab62a761327aafc1594a2a1fbe038b8b8a7",
                "sha256:e5b8daf27af0b90da7bb903a876477a9e6d7270be6146906b276605997c7e9a3",
                "sha256:e7e3736715fbf53e9be2a79eb4db68e4ed857017344d697e8b9749444ae57475",
                "sha256:e8c4ebfcfd57177b572e2040777b8abc537cdef58a2120e830124946aa9b42c5",
                "sha256:f66efbc1caa63c088dead1c4170d148eabc9b80d95fb75b6c92ac0aad2437d76",
                "sha256:fc4b630cd3fa2cf7fce38afa91d7cfe844a9f75d7f0f36393fa98815e911d987",
                "sha256:fd5415dded15c3822597455bc02bcd66e81ef8b7a48cb71a33628fc9fdde39df"
            ],
            "markers": "python_version < '3.13' and platform_python_implementation == 'CPython'",
            "version": "==0.2.12"
        },
        "sniffio": {
            "hashes": [
                "sha256:2f6da418d1f1e0fddd844478f41680e794e6051915791a034ff65e5f100525a2",
                "sha256:f4324edc670a0f49750a81b895f35c3adb843cca46f0530f79fc1babb23789dc"
            ],
            "markers": "python_version >= '3.7'",
            "version": "==1.3.1"
        },
        "tqdm": {
            "hashes": [
                "sha256:26445eca388f82e72884e0d580d5464cd801a3ea01e63e5601bdff9ba6a48de2",
                "sha256:f8aef9c52c08c13a65f30ea34f4e5aac3fd1a34959879d7e59e63027286627f2"
            ],
            "index": "pypi",
            "markers": "python_version >= '3.7'",
            "version": "==4.67.1"
        },
        "typing-extensions": {
            "hashes": [
                "sha256:04e5ca0351e0f3f85c6853954072df659d0d13fac324d0072316b67d7794700d",
                "sha256:1a7ead55c7e559dd4dee8856e3a88b41225abfe1ce8df57b7c13915fe121ffb8"
            ],
            "markers": "python_version < '3.13'",
            "version": "==4.12.2"
        }
    },
    "develop": {}
}
